// !$*UTF8*$!
{
	archiveVersion = 1;
	classes = {
	};
	objectVersion = 55;
	objects = {

/* Begin PBXBuildFile section */
		A4D4FB53287091F300B22B77 /* geekbraryApp.swift in Sources */ = {isa = PBXBuildFile; fileRef = A4D4FB52287091F300B22B77 /* geekbraryApp.swift */; };
		A4D4FB55287091F300B22B77 /* ContentView.swift in Sources */ = {isa = PBXBuildFile; fileRef = A4D4FB54287091F300B22B77 /* ContentView.swift */; };
		A4D4FB57287091F400B22B77 /* Assets.xcassets in Resources */ = {isa = PBXBuildFile; fileRef = A4D4FB56287091F400B22B77 /* Assets.xcassets */; };
		A4D4FB5A287091F400B22B77 /* Preview Assets.xcassets in Resources */ = {isa = PBXBuildFile; fileRef = A4D4FB59287091F400B22B77 /* Preview Assets.xcassets */; };
		A4D4FB5C287091F400B22B77 /* Persistence.swift in Sources */ = {isa = PBXBuildFile; fileRef = A4D4FB5B287091F400B22B77 /* Persistence.swift */; };
		A4D4FB5F287091F400B22B77 /* geekbrary.xcdatamodeld in Sources */ = {isa = PBXBuildFile; fileRef = A4D4FB5D287091F400B22B77 /* geekbrary.xcdatamodeld */; };
		A4D4FB69287091F400B22B77 /* geekbraryTests.swift in Sources */ = {isa = PBXBuildFile; fileRef = A4D4FB68287091F400B22B77 /* geekbraryTests.swift */; };
		A4D4FB73287091F400B22B77 /* geekbraryUITests.swift in Sources */ = {isa = PBXBuildFile; fileRef = A4D4FB72287091F400B22B77 /* geekbraryUITests.swift */; };
		A4D4FB75287091F400B22B77 /* geekbraryUITestsLaunchTests.swift in Sources */ = {isa = PBXBuildFile; fileRef = A4D4FB74287091F400B22B77 /* geekbraryUITestsLaunchTests.swift */; };
/* End PBXBuildFile section */

/* Begin PBXContainerItemProxy section */
		A4D4FB65287091F400B22B77 /* PBXContainerItemProxy */ = {
			isa = PBXContainerItemProxy;
			containerPortal = A4D4FB47287091F300B22B77 /* Project object */;
			proxyType = 1;
			remoteGlobalIDString = A4D4FB4E287091F300B22B77;
			remoteInfo = geekbrary;
		};
		A4D4FB6F287091F400B22B77 /* PBXContainerItemProxy */ = {
			isa = PBXContainerItemProxy;
			containerPortal = A4D4FB47287091F300B22B77 /* Project object */;
			proxyType = 1;
			remoteGlobalIDString = A4D4FB4E287091F300B22B77;
			remoteInfo = geekbrary;
		};
/* End PBXContainerItemProxy section */

/* Begin PBXFileReference section */
		A4D4FB4F287091F300B22B77 /* geekbrary.app */ = {isa = PBXFileReference; explicitFileType = wrapper.application; includeInIndex = 0; path = geekbrary.app; sourceTree = BUILT_PRODUCTS_DIR; };
		A4D4FB52287091F300B22B77 /* geekbraryApp.swift */ = {isa = PBXFileReference; lastKnownFileType = sourcecode.swift; path = geekbraryApp.swift; sourceTree = "<group>"; };
		A4D4FB54287091F300B22B77 /* ContentView.swift */ = {isa = PBXFileReference; lastKnownFileType = sourcecode.swift; path = ContentView.swift; sourceTree = "<group>"; };
		A4D4FB56287091F400B22B77 /* Assets.xcassets */ = {isa = PBXFileReference; lastKnownFileType = folder.assetcatalog; path = Assets.xcassets; sourceTree = "<group>"; };
		A4D4FB59287091F400B22B77 /* Preview Assets.xcassets */ = {isa = PBXFileReference; lastKnownFileType = folder.assetcatalog; path = "Preview Assets.xcassets"; sourceTree = "<group>"; };
		A4D4FB5B287091F400B22B77 /* Persistence.swift */ = {isa = PBXFileReference; lastKnownFileType = sourcecode.swift; path = Persistence.swift; sourceTree = "<group>"; };
		A4D4FB5E287091F400B22B77 /* geekbrary.xcdatamodel */ = {isa = PBXFileReference; lastKnownFileType = wrapper.xcdatamodel; path = geekbrary.xcdatamodel; sourceTree = "<group>"; };
		A4D4FB64287091F400B22B77 /* geekbraryTests.xctest */ = {isa = PBXFileReference; explicitFileType = wrapper.cfbundle; includeInIndex = 0; path = geekbraryTests.xctest; sourceTree = BUILT_PRODUCTS_DIR; };
		A4D4FB68287091F400B22B77 /* geekbraryTests.swift */ = {isa = PBXFileReference; lastKnownFileType = sourcecode.swift; path = geekbraryTests.swift; sourceTree = "<group>"; };
		A4D4FB6E287091F400B22B77 /* geekbraryUITests.xctest */ = {isa = PBXFileReference; explicitFileType = wrapper.cfbundle; includeInIndex = 0; path = geekbraryUITests.xctest; sourceTree = BUILT_PRODUCTS_DIR; };
		A4D4FB72287091F400B22B77 /* geekbraryUITests.swift */ = {isa = PBXFileReference; lastKnownFileType = sourcecode.swift; path = geekbraryUITests.swift; sourceTree = "<group>"; };
		A4D4FB74287091F400B22B77 /* geekbraryUITestsLaunchTests.swift */ = {isa = PBXFileReference; lastKnownFileType = sourcecode.swift; path = geekbraryUITestsLaunchTests.swift; sourceTree = "<group>"; };
/* End PBXFileReference section */

/* Begin PBXFrameworksBuildPhase section */
		A4D4FB4C287091F300B22B77 /* Frameworks */ = {
			isa = PBXFrameworksBuildPhase;
			buildActionMask = 2147483647;
			files = (
			);
			runOnlyForDeploymentPostprocessing = 0;
		};
		A4D4FB61287091F400B22B77 /* Frameworks */ = {
			isa = PBXFrameworksBuildPhase;
			buildActionMask = 2147483647;
			files = (
			);
			runOnlyForDeploymentPostprocessing = 0;
		};
		A4D4FB6B287091F400B22B77 /* Frameworks */ = {
			isa = PBXFrameworksBuildPhase;
			buildActionMask = 2147483647;
			files = (
			);
			runOnlyForDeploymentPostprocessing = 0;
		};
/* End PBXFrameworksBuildPhase section */

/* Begin PBXGroup section */
		A4D4FB46287091F300B22B77 = {
			isa = PBXGroup;
			children = (
				A4D4FB51287091F300B22B77 /* geekbrary */,
				A4D4FB67287091F400B22B77 /* geekbraryTests */,
				A4D4FB71287091F400B22B77 /* geekbraryUITests */,
				A4D4FB50287091F300B22B77 /* Products */,
			);
			sourceTree = "<group>";
		};
		A4D4FB50287091F300B22B77 /* Products */ = {
			isa = PBXGroup;
			children = (
				A4D4FB4F287091F300B22B77 /* geekbrary.app */,
				A4D4FB64287091F400B22B77 /* geekbraryTests.xctest */,
				A4D4FB6E287091F400B22B77 /* geekbraryUITests.xctest */,
			);
			name = Products;
			sourceTree = "<group>";
		};
		A4D4FB51287091F300B22B77 /* geekbrary */ = {
			isa = PBXGroup;
			children = (
				A4D4FB52287091F300B22B77 /* geekbraryApp.swift */,
				A4D4FB54287091F300B22B77 /* ContentView.swift */,
				A4D4FB56287091F400B22B77 /* Assets.xcassets */,
				A4D4FB5B287091F400B22B77 /* Persistence.swift */,
				A4D4FB5D287091F400B22B77 /* geekbrary.xcdatamodeld */,
				A4D4FB58287091F400B22B77 /* Preview Content */,
			);
			path = geekbrary;
			sourceTree = "<group>";
		};
		A4D4FB58287091F400B22B77 /* Preview Content */ = {
			isa = PBXGroup;
			children = (
				A4D4FB59287091F400B22B77 /* Preview Assets.xcassets */,
			);
			path = "Preview Content";
			sourceTree = "<group>";
		};
		A4D4FB67287091F400B22B77 /* geekbraryTests */ = {
			isa = PBXGroup;
			children = (
				A4D4FB68287091F400B22B77 /* geekbraryTests.swift */,
			);
			path = geekbraryTests;
			sourceTree = "<group>";
		};
		A4D4FB71287091F400B22B77 /* geekbraryUITests */ = {
			isa = PBXGroup;
			children = (
				A4D4FB72287091F400B22B77 /* geekbraryUITests.swift */,
				A4D4FB74287091F400B22B77 /* geekbraryUITestsLaunchTests.swift */,
			);
			path = geekbraryUITests;
			sourceTree = "<group>";
		};
/* End PBXGroup section */

/* Begin PBXNativeTarget section */
		A4D4FB4E287091F300B22B77 /* geekbrary */ = {
			isa = PBXNativeTarget;
			buildConfigurationList = A4D4FB78287091F400B22B77 /* Build configuration list for PBXNativeTarget "geekbrary" */;
			buildPhases = (
				A4D4FB4B287091F300B22B77 /* Sources */,
				A4D4FB4C287091F300B22B77 /* Frameworks */,
				A4D4FB4D287091F300B22B77 /* Resources */,
			);
			buildRules = (
			);
			dependencies = (
			);
			name = geekbrary;
			productName = geekbrary;
			productReference = A4D4FB4F287091F300B22B77 /* geekbrary.app */;
			productType = "com.apple.product-type.application";
		};
		A4D4FB63287091F400B22B77 /* geekbraryTests */ = {
			isa = PBXNativeTarget;
			buildConfigurationList = A4D4FB7B287091F400B22B77 /* Build configuration list for PBXNativeTarget "geekbraryTests" */;
			buildPhases = (
				A4D4FB60287091F400B22B77 /* Sources */,
				A4D4FB61287091F400B22B77 /* Frameworks */,
				A4D4FB62287091F400B22B77 /* Resources */,
			);
			buildRules = (
			);
			dependencies = (
				A4D4FB66287091F400B22B77 /* PBXTargetDependency */,
			);
			name = geekbraryTests;
			productName = geekbraryTests;
			productReference = A4D4FB64287091F400B22B77 /* geekbraryTests.xctest */;
			productType = "com.apple.product-type.bundle.unit-test";
		};
		A4D4FB6D287091F400B22B77 /* geekbraryUITests */ = {
			isa = PBXNativeTarget;
			buildConfigurationList = A4D4FB7E287091F400B22B77 /* Build configuration list for PBXNativeTarget "geekbraryUITests" */;
			buildPhases = (
				A4D4FB6A287091F400B22B77 /* Sources */,
				A4D4FB6B287091F400B22B77 /* Frameworks */,
				A4D4FB6C287091F400B22B77 /* Resources */,
			);
			buildRules = (
			);
			dependencies = (
				A4D4FB70287091F400B22B77 /* PBXTargetDependency */,
			);
			name = geekbraryUITests;
			productName = geekbraryUITests;
			productReference = A4D4FB6E287091F400B22B77 /* geekbraryUITests.xctest */;
			productType = "com.apple.product-type.bundle.ui-testing";
		};
/* End PBXNativeTarget section */

/* Begin PBXProject section */
		A4D4FB47287091F300B22B77 /* Project object */ = {
			isa = PBXProject;
			attributes = {
				BuildIndependentTargetsInParallel = 1;
				LastSwiftUpdateCheck = 1330;
				LastUpgradeCheck = 1330;
				TargetAttributes = {
					A4D4FB4E287091F300B22B77 = {
						CreatedOnToolsVersion = 13.3;
					};
					A4D4FB63287091F400B22B77 = {
						CreatedOnToolsVersion = 13.3;
						TestTargetID = A4D4FB4E287091F300B22B77;
					};
					A4D4FB6D287091F400B22B77 = {
						CreatedOnToolsVersion = 13.3;
						TestTargetID = A4D4FB4E287091F300B22B77;
					};
				};
			};
			buildConfigurationList = A4D4FB4A287091F300B22B77 /* Build configuration list for PBXProject "geekbrary" */;
			compatibilityVersion = "Xcode 13.0";
			developmentRegion = en;
			hasScannedForEncodings = 0;
			knownRegions = (
				en,
				Base,
			);
			mainGroup = A4D4FB46287091F300B22B77;
			productRefGroup = A4D4FB50287091F300B22B77 /* Products */;
			projectDirPath = "";
			projectRoot = "";
			targets = (
				A4D4FB4E287091F300B22B77 /* geekbrary */,
				A4D4FB63287091F400B22B77 /* geekbraryTests */,
				A4D4FB6D287091F400B22B77 /* geekbraryUITests */,
			);
		};
/* End PBXProject section */

/* Begin PBXResourcesBuildPhase section */
		A4D4FB4D287091F300B22B77 /* Resources */ = {
			isa = PBXResourcesBuildPhase;
			buildActionMask = 2147483647;
			files = (
				A4D4FB5A287091F400B22B77 /* Preview Assets.xcassets in Resources */,
				A4D4FB57287091F400B22B77 /* Assets.xcassets in Resources */,
			);
			runOnlyForDeploymentPostprocessing = 0;
		};
		A4D4FB62287091F400B22B77 /* Resources */ = {
			isa = PBXResourcesBuildPhase;
			buildActionMask = 2147483647;
			files = (
			);
			runOnlyForDeploymentPostprocessing = 0;
		};
		A4D4FB6C287091F400B22B77 /* Resources */ = {
			isa = PBXResourcesBuildPhase;
			buildActionMask = 2147483647;
			files = (
			);
			runOnlyForDeploymentPostprocessing = 0;
		};
/* End PBXResourcesBuildPhase section */

/* Begin PBXSourcesBuildPhase section */
		A4D4FB4B287091F300B22B77 /* Sources */ = {
			isa = PBXSourcesBuildPhase;
			buildActionMask = 2147483647;
			files = (
				A4D4FB5C287091F400B22B77 /* Persistence.swift in Sources */,
				A4D4FB55287091F300B22B77 /* ContentView.swift in Sources */,
				A4D4FB5F287091F400B22B77 /* geekbrary.xcdatamodeld in Sources */,
				A4D4FB53287091F300B22B77 /* geekbraryApp.swift in Sources */,
			);
			runOnlyForDeploymentPostprocessing = 0;
		};
		A4D4FB60287091F400B22B77 /* Sources */ = {
			isa = PBXSourcesBuildPhase;
			buildActionMask = 2147483647;
			files = (
				A4D4FB69287091F400B22B77 /* geekbraryTests.swift in Sources */,
			);
			runOnlyForDeploymentPostprocessing = 0;
		};
		A4D4FB6A287091F400B22B77 /* Sources */ = {
			isa = PBXSourcesBuildPhase;
			buildActionMask = 2147483647;
			files = (
				A4D4FB73287091F400B22B77 /* geekbraryUITests.swift in Sources */,
				A4D4FB75287091F400B22B77 /* geekbraryUITestsLaunchTests.swift in Sources */,
			);
			runOnlyForDeploymentPostprocessing = 0;
		};
/* End PBXSourcesBuildPhase section */

/* Begin PBXTargetDependency section */
		A4D4FB66287091F400B22B77 /* PBXTargetDependency */ = {
			isa = PBXTargetDependency;
			target = A4D4FB4E287091F300B22B77 /* geekbrary */;
			targetProxy = A4D4FB65287091F400B22B77 /* PBXContainerItemProxy */;
		};
		A4D4FB70287091F400B22B77 /* PBXTargetDependency */ = {
			isa = PBXTargetDependency;
			target = A4D4FB4E287091F300B22B77 /* geekbrary */;
			targetProxy = A4D4FB6F287091F400B22B77 /* PBXContainerItemProxy */;
		};
/* End PBXTargetDependency section */

/* Begin XCBuildConfiguration section */
		A4D4FB76287091F400B22B77 /* Debug */ = {
			isa = XCBuildConfiguration;
			buildSettings = {
				ALWAYS_SEARCH_USER_PATHS = NO;
				CLANG_ANALYZER_NONNULL = YES;
				CLANG_ANALYZER_NUMBER_OBJECT_CONVERSION = YES_AGGRESSIVE;
				CLANG_CXX_LANGUAGE_STANDARD = "gnu++17";
				CLANG_ENABLE_MODULES = YES;
				CLANG_ENABLE_OBJC_ARC = YES;
				CLANG_ENABLE_OBJC_WEAK = YES;
				CLANG_WARN_BLOCK_CAPTURE_AUTORELEASING = YES;
				CLANG_WARN_BOOL_CONVERSION = YES;
				CLANG_WARN_COMMA = YES;
				CLANG_WARN_CONSTANT_CONVERSION = YES;
				CLANG_WARN_DEPRECATED_OBJC_IMPLEMENTATIONS = YES;
				CLANG_WARN_DIRECT_OBJC_ISA_USAGE = YES_ERROR;
				CLANG_WARN_DOCUMENTATION_COMMENTS = YES;
				CLANG_WARN_EMPTY_BODY = YES;
				CLANG_WARN_ENUM_CONVERSION = YES;
				CLANG_WARN_INFINITE_RECURSION = YES;
				CLANG_WARN_INT_CONVERSION = YES;
				CLANG_WARN_NON_LITERAL_NULL_CONVERSION = YES;
				CLANG_WARN_OBJC_IMPLICIT_RETAIN_SELF = YES;
				CLANG_WARN_OBJC_LITERAL_CONVERSION = YES;
				CLANG_WARN_OBJC_ROOT_CLASS = YES_ERROR;
				CLANG_WARN_QUOTED_INCLUDE_IN_FRAMEWORK_HEADER = YES;
				CLANG_WARN_RANGE_LOOP_ANALYSIS = YES;
				CLANG_WARN_STRICT_PROTOTYPES = YES;
				CLANG_WARN_SUSPICIOUS_MOVE = YES;
				CLANG_WARN_UNGUARDED_AVAILABILITY = YES_AGGRESSIVE;
				CLANG_WARN_UNREACHABLE_CODE = YES;
				CLANG_WARN__DUPLICATE_METHOD_MATCH = YES;
				COPY_PHASE_STRIP = NO;
				DEBUG_INFORMATION_FORMAT = dwarf;
				ENABLE_STRICT_OBJC_MSGSEND = YES;
				ENABLE_TESTABILITY = YES;
				GCC_C_LANGUAGE_STANDARD = gnu11;
				GCC_DYNAMIC_NO_PIC = NO;
				GCC_NO_COMMON_BLOCKS = YES;
				GCC_OPTIMIZATION_LEVEL = 0;
				GCC_PREPROCESSOR_DEFINITIONS = (
					"DEBUG=1",
					"$(inherited)",
				);
				GCC_WARN_64_TO_32_BIT_CONVERSION = YES;
				GCC_WARN_ABOUT_RETURN_TYPE = YES_ERROR;
				GCC_WARN_UNDECLARED_SELECTOR = YES;
				GCC_WARN_UNINITIALIZED_AUTOS = YES_AGGRESSIVE;
				GCC_WARN_UNUSED_FUNCTION = YES;
				GCC_WARN_UNUSED_VARIABLE = YES;
				IPHONEOS_DEPLOYMENT_TARGET = 15.4;
				MTL_ENABLE_DEBUG_INFO = INCLUDE_SOURCE;
				MTL_FAST_MATH = YES;
				ONLY_ACTIVE_ARCH = YES;
				SDKROOT = iphoneos;
				SWIFT_ACTIVE_COMPILATION_CONDITIONS = DEBUG;
				SWIFT_OPTIMIZATION_LEVEL = "-Onone";
			};
			name = Debug;
		};
		A4D4FB77287091F400B22B77 /* Release */ = {
			isa = XCBuildConfiguration;
			buildSettings = {
				ALWAYS_SEARCH_USER_PATHS = NO;
				CLANG_ANALYZER_NONNULL = YES;
				CLANG_ANALYZER_NUMBER_OBJECT_CONVERSION = YES_AGGRESSIVE;
				CLANG_CXX_LANGUAGE_STANDARD = "gnu++17";
				CLANG_ENABLE_MODULES = YES;
				CLANG_ENABLE_OBJC_ARC = YES;
				CLANG_ENABLE_OBJC_WEAK = YES;
				CLANG_WARN_BLOCK_CAPTURE_AUTORELEASING = YES;
				CLANG_WARN_BOOL_CONVERSION = YES;
				CLANG_WARN_COMMA = YES;
				CLANG_WARN_CONSTANT_CONVERSION = YES;
				CLANG_WARN_DEPRECATED_OBJC_IMPLEMENTATIONS = YES;
				CLANG_WARN_DIRECT_OBJC_ISA_USAGE = YES_ERROR;
				CLANG_WARN_DOCUMENTATION_COMMENTS = YES;
				CLANG_WARN_EMPTY_BODY = YES;
				CLANG_WARN_ENUM_CONVERSION = YES;
				CLANG_WARN_INFINITE_RECURSION = YES;
				CLANG_WARN_INT_CONVERSION = YES;
				CLANG_WARN_NON_LITERAL_NULL_CONVERSION = YES;
				CLANG_WARN_OBJC_IMPLICIT_RETAIN_SELF = YES;
				CLANG_WARN_OBJC_LITERAL_CONVERSION = YES;
				CLANG_WARN_OBJC_ROOT_CLASS = YES_ERROR;
				CLANG_WARN_QUOTED_INCLUDE_IN_FRAMEWORK_HEADER = YES;
				CLANG_WARN_RANGE_LOOP_ANALYSIS = YES;
				CLANG_WARN_STRICT_PROTOTYPES = YES;
				CLANG_WARN_SUSPICIOUS_MOVE = YES;
				CLANG_WARN_UNGUARDED_AVAILABILITY = YES_AGGRESSIVE;
				CLANG_WARN_UNREACHABLE_CODE = YES;
				CLANG_WARN__DUPLICATE_METHOD_MATCH = YES;
				COPY_PHASE_STRIP = NO;
				DEBUG_INFORMATION_FORMAT = "dwarf-with-dsym";
				ENABLE_NS_ASSERTIONS = NO;
				ENABLE_STRICT_OBJC_MSGSEND = YES;
				GCC_C_LANGUAGE_STANDARD = gnu11;
				GCC_NO_COMMON_BLOCKS = YES;
				GCC_WARN_64_TO_32_BIT_CONVERSION = YES;
				GCC_WARN_ABOUT_RETURN_TYPE = YES_ERROR;
				GCC_WARN_UNDECLARED_SELECTOR = YES;
				GCC_WARN_UNINITIALIZED_AUTOS = YES_AGGRESSIVE;
				GCC_WARN_UNUSED_FUNCTION = YES;
				GCC_WARN_UNUSED_VARIABLE = YES;
				IPHONEOS_DEPLOYMENT_TARGET = 15.4;
				MTL_ENABLE_DEBUG_INFO = NO;
				MTL_FAST_MATH = YES;
				SDKROOT = iphoneos;
				SWIFT_COMPILATION_MODE = wholemodule;
				SWIFT_OPTIMIZATION_LEVEL = "-O";
				VALIDATE_PRODUCT = YES;
			};
			name = Release;
		};
		A4D4FB79287091F400B22B77 /* Debug */ = {
			isa = XCBuildConfiguration;
			buildSettings = {
				ASSETCATALOG_COMPILER_APPICON_NAME = AppIcon;
				ASSETCATALOG_COMPILER_GLOBAL_ACCENT_COLOR_NAME = AccentColor;
				CODE_SIGN_STYLE = Automatic;
				CURRENT_PROJECT_VERSION = 1;
				DEVELOPMENT_ASSET_PATHS = "\"geekbrary/Preview Content\"";
				DEVELOPMENT_TEAM = 4QV9H8BV9P;
				ENABLE_PREVIEWS = YES;
				GENERATE_INFOPLIST_FILE = YES;
				INFOPLIST_KEY_UIApplicationSceneManifest_Generation = YES;
				INFOPLIST_KEY_UIApplicationSupportsIndirectInputEvents = YES;
				INFOPLIST_KEY_UILaunchScreen_Generation = YES;
				INFOPLIST_KEY_UISupportedInterfaceOrientations_iPad = "UIInterfaceOrientationPortrait UIInterfaceOrientationPortraitUpsideDown UIInterfaceOrientationLandscapeLeft UIInterfaceOrientationLandscapeRight";
				INFOPLIST_KEY_UISupportedInterfaceOrientations_iPhone = "UIInterfaceOrientationPortrait UIInterfaceOrientationLandscapeLeft UIInterfaceOrientationLandscapeRight";
				LD_RUNPATH_SEARCH_PATHS = (
					"$(inherited)",
					"@executable_path/Frameworks",
				);
				MARKETING_VERSION = 1.0;
				PRODUCT_BUNDLE_IDENTIFIER = com.pmendes.geekbrary.geekbrary;
				PRODUCT_NAME = "$(TARGET_NAME)";
				SWIFT_EMIT_LOC_STRINGS = YES;
				SWIFT_VERSION = 5.0;
				TARGETED_DEVICE_FAMILY = "1,2";
			};
			name = Debug;
		};
		A4D4FB7A287091F400B22B77 /* Release */ = {
			isa = XCBuildConfiguration;
			buildSettings = {
				ASSETCATALOG_COMPILER_APPICON_NAME = AppIcon;
				ASSETCATALOG_COMPILER_GLOBAL_ACCENT_COLOR_NAME = AccentColor;
				CODE_SIGN_STYLE = Automatic;
				CURRENT_PROJECT_VERSION = 1;
				DEVELOPMENT_ASSET_PATHS = "\"geekbrary/Preview Content\"";
				DEVELOPMENT_TEAM = 4QV9H8BV9P;
				ENABLE_PREVIEWS = YES;
				GENERATE_INFOPLIST_FILE = YES;
				INFOPLIST_KEY_UIApplicationSceneManifest_Generation = YES;
				INFOPLIST_KEY_UIApplicationSupportsIndirectInputEvents = YES;
				INFOPLIST_KEY_UILaunchScreen_Generation = YES;
				INFOPLIST_KEY_UISupportedInterfaceOrientations_iPad = "UIInterfaceOrientationPortrait UIInterfaceOrientationPortraitUpsideDown UIInterfaceOrientationLandscapeLeft UIInterfaceOrientationLandscapeRight";
				INFOPLIST_KEY_UISupportedInterfaceOrientations_iPhone = "UIInterfaceOrientationPortrait UIInterfaceOrientationLandscapeLeft UIInterfaceOrientationLandscapeRight";
				LD_RUNPATH_SEARCH_PATHS = (
					"$(inherited)",
					"@executable_path/Frameworks",
				);
				MARKETING_VERSION = 1.0;
				PRODUCT_BUNDLE_IDENTIFIER = com.pmendes.geekbrary.geekbrary;
				PRODUCT_NAME = "$(TARGET_NAME)";
				SWIFT_EMIT_LOC_STRINGS = YES;
				SWIFT_VERSION = 5.0;
				TARGETED_DEVICE_FAMILY = "1,2";
			};
			name = Release;
		};
		A4D4FB7C287091F400B22B77 /* Debug */ = {
			isa = XCBuildConfiguration;
			buildSettings = {
				ALWAYS_EMBED_SWIFT_STANDARD_LIBRARIES = YES;
				BUNDLE_LOADER = "$(TEST_HOST)";
				CODE_SIGN_STYLE = Automatic;
				CURRENT_PROJECT_VERSION = 1;
				DEVELOPMENT_TEAM = 4QV9H8BV9P;
				GENERATE_INFOPLIST_FILE = YES;
				IPHONEOS_DEPLOYMENT_TARGET = 15.4;
				MARKETING_VERSION = 1.0;
				PRODUCT_BUNDLE_IDENTIFIER = com.pmendes.geekbrary.geekbraryTests;
				PRODUCT_NAME = "$(TARGET_NAME)";
				SWIFT_EMIT_LOC_STRINGS = NO;
				SWIFT_VERSION = 5.0;
				TARGETED_DEVICE_FAMILY = "1,2";
				TEST_HOST = "$(BUILT_PRODUCTS_DIR)/geekbrary.app/geekbrary";
			};
			name = Debug;
		};
		A4D4FB7D287091F400B22B77 /* Release */ = {
			isa = XCBuildConfiguration;
			buildSettings = {
				ALWAYS_EMBED_SWIFT_STANDARD_LIBRARIES = YES;
				BUNDLE_LOADER = "$(TEST_HOST)";
				CODE_SIGN_STYLE = Automatic;
				CURRENT_PROJECT_VERSION = 1;
				DEVELOPMENT_TEAM = 4QV9H8BV9P;
				GENERATE_INFOPLIST_FILE = YES;
				IPHONEOS_DEPLOYMENT_TARGET = 15.4;
				MARKETING_VERSION = 1.0;
				PRODUCT_BUNDLE_IDENTIFIER = com.pmendes.geekbrary.geekbraryTests;
				PRODUCT_NAME = "$(TARGET_NAME)";
				SWIFT_EMIT_LOC_STRINGS = NO;
				SWIFT_VERSION = 5.0;
				TARGETED_DEVICE_FAMILY = "1,2";
				TEST_HOST = "$(BUILT_PRODUCTS_DIR)/geekbrary.app/geekbrary";
			};
			name = Release;
		};
		A4D4FB7F287091F400B22B77 /* Debug */ = {
			isa = XCBuildConfiguration;
			buildSettings = {
				ALWAYS_EMBED_SWIFT_STANDARD_LIBRARIES = YES;
				CODE_SIGN_STYLE = Automatic;
				CURRENT_PROJECT_VERSION = 1;
				DEVELOPMENT_TEAM = 4QV9H8BV9P;
				GENERATE_INFOPLIST_FILE = YES;
				MARKETING_VERSION = 1.0;
				PRODUCT_BUNDLE_IDENTIFIER = com.pmendes.geekbrary.geekbraryUITests;
				PRODUCT_NAME = "$(TARGET_NAME)";
				SWIFT_EMIT_LOC_STRINGS = NO;
				SWIFT_VERSION = 5.0;
				TARGETED_DEVICE_FAMILY = "1,2";
				TEST_TARGET_NAME = geekbrary;
			};
			name = Debug;
		};
		A4D4FB80287091F400B22B77 /* Release */ = {
			isa = XCBuildConfiguration;
			buildSettings = {
				ALWAYS_EMBED_SWIFT_STANDARD_LIBRARIES = YES;
				CODE_SIGN_STYLE = Automatic;
				CURRENT_PROJECT_VERSION = 1;
				DEVELOPMENT_TEAM = 4QV9H8BV9P;
				GENERATE_INFOPLIST_FILE = YES;
				MARKETING_VERSION = 1.0;
				PRODUCT_BUNDLE_IDENTIFIER = com.pmendes.geekbrary.geekbraryUITests;
				PRODUCT_NAME = "$(TARGET_NAME)";
				SWIFT_EMIT_LOC_STRINGS = NO;
				SWIFT_VERSION = 5.0;
				TARGETED_DEVICE_FAMILY = "1,2";
				TEST_TARGET_NAME = geekbrary;
			};
			name = Release;
		};
/* End XCBuildConfiguration section */

/* Begin XCConfigurationList section */
		A4D4FB4A287091F300B22B77 /* Build configuration list for PBXProject "geekbrary" */ = {
			isa = XCConfigurationList;
			buildConfigurations = (
				A4D4FB76287091F400B22B77 /* Debug */,
				A4D4FB77287091F400B22B77 /* Release */,
			);
			defaultConfigurationIsVisible = 0;
			defaultConfigurationName = Release;
		};
		A4D4FB78287091F400B22B77 /* Build configuration list for PBXNativeTarget "geekbrary" */ = {
			isa = XCConfigurationList;
			buildConfigurations = (
				A4D4FB79287091F400B22B77 /* Debug */,
				A4D4FB7A287091F400B22B77 /* Release */,
			);
			defaultConfigurationIsVisible = 0;
			defaultConfigurationName = Release;
		};
		A4D4FB7B287091F400B22B77 /* Build configuration list for PBXNativeTarget "geekbraryTests" */ = {
			isa = XCConfigurationList;
			buildConfigurations = (
				A4D4FB7C287091F400B22B77 /* Debug */,
				A4D4FB7D287091F400B22B77 /* Release */,
			);
			defaultConfigurationIsVisible = 0;
			defaultConfigurationName = Release;
		};
		A4D4FB7E287091F400B22B77 /* Build configuration list for PBXNativeTarget "geekbraryUITests" */ = {
			isa = XCConfigurationList;
			buildConfigurations = (
				A4D4FB7F287091F400B22B77 /* Debug */,
				A4D4FB80287091F400B22B77 /* Release */,
			);
			defaultConfigurationIsVisible = 0;
			defaultConfigurationName = Release;
		};
/* End XCConfigurationList section */

/* Begin XCVersionGroup section */
		A4D4FB5D287091F400B22B77 /* geekbrary.xcdatamodeld */ = {
			isa = XCVersionGroup;
			children = (
				A4D4FB5E287091F400B22B77 /* geekbrary.xcdatamodel */,
			);
			currentVersion = A4D4FB5E287091F400B22B77 /* geekbrary.xcdatamodel */;
			path = geekbrary.xcdatamodeld;
			sourceTree = "<group>";
			versionGroupType = wrapper.xcdatamodel;
		};
/* End XCVersionGroup section */
	};
	rootObject = A4D4FB47287091F300B22B77 /* Project object */;
}
