// !$*UTF8*$!
{
	archiveVersion = 1;
	classes = {
	};
	objectVersion = 56;
	objects = {

/* Begin PBXBuildFile section */
		3A00F3072A6BF80F00B267CF /* SerachBar.swift in Sources */ = {isa = PBXBuildFile; fileRef = 3A00F2F42A6BF80F00B267CF /* SerachBar.swift */; };
		3A00F3082A6BF80F00B267CF /* Networking.swift in Sources */ = {isa = PBXBuildFile; fileRef = 3A00F2F52A6BF80F00B267CF /* Networking.swift */; };
		3A00F3092A6BF80F00B267CF /* CustomColors.swift in Sources */ = {isa = PBXBuildFile; fileRef = 3A00F2F62A6BF80F00B267CF /* CustomColors.swift */; };
		3A00F30A2A6BF80F00B267CF /* Extensions.swift in Sources */ = {isa = PBXBuildFile; fileRef = 3A00F2F72A6BF80F00B267CF /* Extensions.swift */; };
		3A00F30B2A6BF80F00B267CF /* ApiUrls.swift in Sources */ = {isa = PBXBuildFile; fileRef = 3A00F2F82A6BF80F00B267CF /* ApiUrls.swift */; };
		3A00F30C2A6BF80F00B267CF /* PokemonHomeViewModel.swift in Sources */ = {isa = PBXBuildFile; fileRef = 3A00F2FB2A6BF80F00B267CF /* PokemonHomeViewModel.swift */; };
		3A00F30D2A6BF80F00B267CF /* FranchiseListViewModel.swift in Sources */ = {isa = PBXBuildFile; fileRef = 3A00F2FC2A6BF80F00B267CF /* FranchiseListViewModel.swift */; };
		3A00F30E2A6BF80F00B267CF /* FranchiseResponse.swift in Sources */ = {isa = PBXBuildFile; fileRef = 3A00F2FE2A6BF80F00B267CF /* FranchiseResponse.swift */; };
		3A00F30F2A6BF80F00B267CF /* Franchise.swift in Sources */ = {isa = PBXBuildFile; fileRef = 3A00F2FF2A6BF80F00B267CF /* Franchise.swift */; };
		3A00F3102A6BF80F00B267CF /* FranchisesListModel.swift in Sources */ = {isa = PBXBuildFile; fileRef = 3A00F3002A6BF80F00B267CF /* FranchisesListModel.swift */; };
		3A00F3112A6BF80F00B267CF /* FranchiseToView.swift in Sources */ = {isa = PBXBuildFile; fileRef = 3A00F3012A6BF80F00B267CF /* FranchiseToView.swift */; };
		3A00F3122A6BF80F00B267CF /* PokemonHomeView.swift in Sources */ = {isa = PBXBuildFile; fileRef = 3A00F3042A6BF80F00B267CF /* PokemonHomeView.swift */; };
		3A00F3132A6BF80F00B267CF /* PokemonListView.swift in Sources */ = {isa = PBXBuildFile; fileRef = 3A00F3052A6BF80F00B267CF /* PokemonListView.swift */; };
		3A00F3142A6BF80F00B267CF /* FranshisesListView.swift in Sources */ = {isa = PBXBuildFile; fileRef = 3A00F3062A6BF80F00B267CF /* FranshisesListView.swift */; };
		3A00F3162A6BF99400B267CF /* Persistence.swift in Sources */ = {isa = PBXBuildFile; fileRef = 3A00F3152A6BF99400B267CF /* Persistence.swift */; };
		3A00F3192A6BF9E700B267CF /* geekbrary.xcdatamodeld in Sources */ = {isa = PBXBuildFile; fileRef = 3A00F3172A6BF9E700B267CF /* geekbrary.xcdatamodeld */; };
		3A06F0B52B263A180091C890 /* PokemonAbilitiesViewModel.swift in Sources */ = {isa = PBXBuildFile; fileRef = 3A06F0B42B263A180091C890 /* PokemonAbilitiesViewModel.swift */; };
		3A09D2452A5C6B740080A520 /* RealityKitContent in Frameworks */ = {isa = PBXBuildFile; productRef = 3A09D2442A5C6B740080A520 /* RealityKitContent */; };
		3A09D2492A5C6B740080A520 /* ContentView.swift in Sources */ = {isa = PBXBuildFile; fileRef = 3A09D2482A5C6B740080A520 /* ContentView.swift */; };
		3A09D24D2A5C6B740080A520 /* ImageBasedLight.exr in Resources */ = {isa = PBXBuildFile; fileRef = 3A09D24C2A5C6B740080A520 /* ImageBasedLight.exr */; };
		3A09D24F2A5C6B750080A520 /* Assets.xcassets in Resources */ = {isa = PBXBuildFile; fileRef = 3A09D24E2A5C6B750080A520 /* Assets.xcassets */; };
		3A09D2522A5C6B750080A520 /* Preview Assets.xcassets in Resources */ = {isa = PBXBuildFile; fileRef = 3A09D2512A5C6B750080A520 /* Preview Assets.xcassets */; };
		3A19D9752A76B90300184F66 /* geekbraryApp.swift in Sources */ = {isa = PBXBuildFile; fileRef = 3A09D2462A5C6B740080A520 /* geekbraryApp.swift */; };
		3A4CC8C12A5DC19200972BFA /* ImmersiveView.swift in Sources */ = {isa = PBXBuildFile; fileRef = 3A09D24A2A5C6B740080A520 /* ImmersiveView.swift */; };
		3A64A04B2AFA4DF600847533 /* PokemonDetailsView.swift in Sources */ = {isa = PBXBuildFile; fileRef = 3A64A04A2AFA4DF600847533 /* PokemonDetailsView.swift */; };
		3A64A04D2AFA592C00847533 /* ColorHelper.swift in Sources */ = {isa = PBXBuildFile; fileRef = 3A64A04C2AFA592C00847533 /* ColorHelper.swift */; };
		3A674CA62A9A484F00E4B556 /* FranchiseModel.swift in Sources */ = {isa = PBXBuildFile; fileRef = 3A674CA52A9A484F00E4B556 /* FranchiseModel.swift */; };
		3A674CAD2A9A511100E4B556 /* PokedexModel.swift in Sources */ = {isa = PBXBuildFile; fileRef = 3A674CAC2A9A511100E4B556 /* PokedexModel.swift */; };
		3A674CAF2A9A518100E4B556 /* PokemonListModel.swift in Sources */ = {isa = PBXBuildFile; fileRef = 3A674CAE2A9A518100E4B556 /* PokemonListModel.swift */; };
		3A674CB12A9A51B200E4B556 /* PokemonDetailsModel.swift in Sources */ = {isa = PBXBuildFile; fileRef = 3A674CB02A9A51B200E4B556 /* PokemonDetailsModel.swift */; };
		3A72E16B2A87E25E008BEC87 /* PokedexView.swift in Sources */ = {isa = PBXBuildFile; fileRef = 3A72E16A2A87E25E008BEC87 /* PokedexView.swift */; };
		3A72E16D2A87E404008BEC87 /* PokemonListCustomElementView.swift in Sources */ = {isa = PBXBuildFile; fileRef = 3A72E16C2A87E404008BEC87 /* PokemonListCustomElementView.swift */; };
		3A7676D32A9E6BB800177537 /* PokemonListViewModel.swift in Sources */ = {isa = PBXBuildFile; fileRef = 3A7676D22A9E6BB800177537 /* PokemonListViewModel.swift */; };
		3A7676D62A9E6C1800177537 /* PokemonAPI.swift in Sources */ = {isa = PBXBuildFile; fileRef = 3A7676D52A9E6C1800177537 /* PokemonAPI.swift */; };
		3AB3E5942AF94901004BB425 /* RemoteImageView.swift in Sources */ = {isa = PBXBuildFile; fileRef = 3AB3E5932AF94901004BB425 /* RemoteImageView.swift */; };
		3AE162102B09063700A32EB9 /* PokemonStatsView.swift in Sources */ = {isa = PBXBuildFile; fileRef = 3AE1620F2B09063700A32EB9 /* PokemonStatsView.swift */; };
		3AE162122B09069700A32EB9 /* PokemonMovesView.swift in Sources */ = {isa = PBXBuildFile; fileRef = 3AE162112B09069700A32EB9 /* PokemonMovesView.swift */; };
		3AE162142B09072400A32EB9 /* PokemonAbilitiesView.swift in Sources */ = {isa = PBXBuildFile; fileRef = 3AE162132B09072400A32EB9 /* PokemonAbilitiesView.swift */; };
		3AE162162B09073300A32EB9 /* PokemonTypesView.swift in Sources */ = {isa = PBXBuildFile; fileRef = 3AE162152B09073300A32EB9 /* PokemonTypesView.swift */; };
		3AE162182B0907B000A32EB9 /* PokemonMovesModel.swift in Sources */ = {isa = PBXBuildFile; fileRef = 3AE162172B0907B000A32EB9 /* PokemonMovesModel.swift */; };
		3AE1621A2B090CD200A32EB9 /* PokemonMovesViewModel.swift in Sources */ = {isa = PBXBuildFile; fileRef = 3AE162192B090CD200A32EB9 /* PokemonMovesViewModel.swift */; };
		3AEA737D2A950AFD005134C5 /* DragonBallHomeView.swift in Sources */ = {isa = PBXBuildFile; fileRef = 3AEA737C2A950AFD005134C5 /* DragonBallHomeView.swift */; };
		3AEA737F2A950B86005134C5 /* DragonBallHomeViewModel.swift in Sources */ = {isa = PBXBuildFile; fileRef = 3AEA737E2A950B86005134C5 /* DragonBallHomeViewModel.swift */; };
		3AEA73812A950E3B005134C5 /* DragonBallDetailsView.swift in Sources */ = {isa = PBXBuildFile; fileRef = 3AEA73802A950E3B005134C5 /* DragonBallDetailsView.swift */; };
/* End PBXBuildFile section */

/* Begin PBXFileReference section */
		3A00F2F42A6BF80F00B267CF /* SerachBar.swift */ = {isa = PBXFileReference; fileEncoding = 4; lastKnownFileType = sourcecode.swift; path = SerachBar.swift; sourceTree = "<group>"; };
		3A00F2F52A6BF80F00B267CF /* Networking.swift */ = {isa = PBXFileReference; fileEncoding = 4; lastKnownFileType = sourcecode.swift; path = Networking.swift; sourceTree = "<group>"; };
		3A00F2F62A6BF80F00B267CF /* CustomColors.swift */ = {isa = PBXFileReference; fileEncoding = 4; lastKnownFileType = sourcecode.swift; path = CustomColors.swift; sourceTree = "<group>"; };
		3A00F2F72A6BF80F00B267CF /* Extensions.swift */ = {isa = PBXFileReference; fileEncoding = 4; lastKnownFileType = sourcecode.swift; path = Extensions.swift; sourceTree = "<group>"; };
		3A00F2F82A6BF80F00B267CF /* ApiUrls.swift */ = {isa = PBXFileReference; fileEncoding = 4; lastKnownFileType = sourcecode.swift; path = ApiUrls.swift; sourceTree = "<group>"; };
		3A00F2FB2A6BF80F00B267CF /* PokemonHomeViewModel.swift */ = {isa = PBXFileReference; fileEncoding = 4; lastKnownFileType = sourcecode.swift; path = PokemonHomeViewModel.swift; sourceTree = "<group>"; };
		3A00F2FC2A6BF80F00B267CF /* FranchiseListViewModel.swift */ = {isa = PBXFileReference; fileEncoding = 4; lastKnownFileType = sourcecode.swift; path = FranchiseListViewModel.swift; sourceTree = "<group>"; };
		3A00F2FE2A6BF80F00B267CF /* FranchiseResponse.swift */ = {isa = PBXFileReference; fileEncoding = 4; lastKnownFileType = sourcecode.swift; path = FranchiseResponse.swift; sourceTree = "<group>"; };
		3A00F2FF2A6BF80F00B267CF /* Franchise.swift */ = {isa = PBXFileReference; fileEncoding = 4; lastKnownFileType = sourcecode.swift; path = Franchise.swift; sourceTree = "<group>"; };
		3A00F3002A6BF80F00B267CF /* FranchisesListModel.swift */ = {isa = PBXFileReference; fileEncoding = 4; lastKnownFileType = sourcecode.swift; path = FranchisesListModel.swift; sourceTree = "<group>"; };
		3A00F3012A6BF80F00B267CF /* FranchiseToView.swift */ = {isa = PBXFileReference; fileEncoding = 4; lastKnownFileType = sourcecode.swift; path = FranchiseToView.swift; sourceTree = "<group>"; };
		3A00F3042A6BF80F00B267CF /* PokemonHomeView.swift */ = {isa = PBXFileReference; fileEncoding = 4; lastKnownFileType = sourcecode.swift; path = PokemonHomeView.swift; sourceTree = "<group>"; };
		3A00F3052A6BF80F00B267CF /* PokemonListView.swift */ = {isa = PBXFileReference; fileEncoding = 4; lastKnownFileType = sourcecode.swift; path = PokemonListView.swift; sourceTree = "<group>"; };
		3A00F3062A6BF80F00B267CF /* FranshisesListView.swift */ = {isa = PBXFileReference; fileEncoding = 4; lastKnownFileType = sourcecode.swift; path = FranshisesListView.swift; sourceTree = "<group>"; };
		3A00F3152A6BF99400B267CF /* Persistence.swift */ = {isa = PBXFileReference; fileEncoding = 4; lastKnownFileType = sourcecode.swift; path = Persistence.swift; sourceTree = "<group>"; };
		3A00F3182A6BF9E700B267CF /* Item.xcdatamodel */ = {isa = PBXFileReference; lastKnownFileType = wrapper.xcdatamodel; path = Item.xcdatamodel; sourceTree = "<group>"; };
		3A06F0B42B263A180091C890 /* PokemonAbilitiesViewModel.swift */ = {isa = PBXFileReference; lastKnownFileType = sourcecode.swift; path = PokemonAbilitiesViewModel.swift; sourceTree = "<group>"; };
		3A09D23F2A5C6B740080A520 /* Geekbrary.app */ = {isa = PBXFileReference; explicitFileType = wrapper.application; includeInIndex = 0; path = Geekbrary.app; sourceTree = BUILT_PRODUCTS_DIR; };
		3A09D2432A5C6B740080A520 /* RealityKitContent */ = {isa = PBXFileReference; lastKnownFileType = wrapper; path = RealityKitContent; sourceTree = "<group>"; };
		3A09D2462A5C6B740080A520 /* geekbraryApp.swift */ = {isa = PBXFileReference; lastKnownFileType = sourcecode.swift; path = geekbraryApp.swift; sourceTree = "<group>"; };
		3A09D2482A5C6B740080A520 /* ContentView.swift */ = {isa = PBXFileReference; lastKnownFileType = sourcecode.swift; path = ContentView.swift; sourceTree = "<group>"; };
		3A09D24A2A5C6B740080A520 /* ImmersiveView.swift */ = {isa = PBXFileReference; lastKnownFileType = sourcecode.swift; path = ImmersiveView.swift; sourceTree = "<group>"; };
		3A09D24C2A5C6B740080A520 /* ImageBasedLight.exr */ = {isa = PBXFileReference; lastKnownFileType = file; path = ImageBasedLight.exr; sourceTree = "<group>"; };
		3A09D24E2A5C6B750080A520 /* Assets.xcassets */ = {isa = PBXFileReference; lastKnownFileType = folder.assetcatalog; path = Assets.xcassets; sourceTree = "<group>"; };
		3A09D2512A5C6B750080A520 /* Preview Assets.xcassets */ = {isa = PBXFileReference; lastKnownFileType = folder.assetcatalog; path = "Preview Assets.xcassets"; sourceTree = "<group>"; };
		3A64A04A2AFA4DF600847533 /* PokemonDetailsView.swift */ = {isa = PBXFileReference; lastKnownFileType = sourcecode.swift; path = PokemonDetailsView.swift; sourceTree = "<group>"; };
		3A64A04C2AFA592C00847533 /* ColorHelper.swift */ = {isa = PBXFileReference; lastKnownFileType = sourcecode.swift; path = ColorHelper.swift; sourceTree = "<group>"; };
		3A674CA52A9A484F00E4B556 /* FranchiseModel.swift */ = {isa = PBXFileReference; lastKnownFileType = sourcecode.swift; path = FranchiseModel.swift; sourceTree = "<group>"; };
		3A674CAC2A9A511100E4B556 /* PokedexModel.swift */ = {isa = PBXFileReference; lastKnownFileType = sourcecode.swift; path = PokedexModel.swift; sourceTree = "<group>"; };
		3A674CAE2A9A518100E4B556 /* PokemonListModel.swift */ = {isa = PBXFileReference; lastKnownFileType = sourcecode.swift; path = PokemonListModel.swift; sourceTree = "<group>"; };
		3A674CB02A9A51B200E4B556 /* PokemonDetailsModel.swift */ = {isa = PBXFileReference; lastKnownFileType = sourcecode.swift; path = PokemonDetailsModel.swift; sourceTree = "<group>"; };
		3A72E16A2A87E25E008BEC87 /* PokedexView.swift */ = {isa = PBXFileReference; lastKnownFileType = sourcecode.swift; path = PokedexView.swift; sourceTree = "<group>"; };
		3A72E16C2A87E404008BEC87 /* PokemonListCustomElementView.swift */ = {isa = PBXFileReference; lastKnownFileType = sourcecode.swift; path = PokemonListCustomElementView.swift; sourceTree = "<group>"; };
		3A7676D22A9E6BB800177537 /* PokemonListViewModel.swift */ = {isa = PBXFileReference; lastKnownFileType = sourcecode.swift; path = PokemonListViewModel.swift; sourceTree = "<group>"; };
		3A7676D52A9E6C1800177537 /* PokemonAPI.swift */ = {isa = PBXFileReference; lastKnownFileType = sourcecode.swift; path = PokemonAPI.swift; sourceTree = "<group>"; };
		3AB3E5932AF94901004BB425 /* RemoteImageView.swift */ = {isa = PBXFileReference; lastKnownFileType = sourcecode.swift; path = RemoteImageView.swift; sourceTree = "<group>"; };
		3AE1620F2B09063700A32EB9 /* PokemonStatsView.swift */ = {isa = PBXFileReference; lastKnownFileType = sourcecode.swift; path = PokemonStatsView.swift; sourceTree = "<group>"; };
		3AE162112B09069700A32EB9 /* PokemonMovesView.swift */ = {isa = PBXFileReference; lastKnownFileType = sourcecode.swift; path = PokemonMovesView.swift; sourceTree = "<group>"; };
		3AE162132B09072400A32EB9 /* PokemonAbilitiesView.swift */ = {isa = PBXFileReference; lastKnownFileType = sourcecode.swift; path = PokemonAbilitiesView.swift; sourceTree = "<group>"; };
		3AE162152B09073300A32EB9 /* PokemonTypesView.swift */ = {isa = PBXFileReference; lastKnownFileType = sourcecode.swift; path = PokemonTypesView.swift; sourceTree = "<group>"; };
		3AE162172B0907B000A32EB9 /* PokemonMovesModel.swift */ = {isa = PBXFileReference; lastKnownFileType = sourcecode.swift; path = PokemonMovesModel.swift; sourceTree = "<group>"; };
		3AE162192B090CD200A32EB9 /* PokemonMovesViewModel.swift */ = {isa = PBXFileReference; lastKnownFileType = sourcecode.swift; path = PokemonMovesViewModel.swift; sourceTree = "<group>"; };
		3AEA737C2A950AFD005134C5 /* DragonBallHomeView.swift */ = {isa = PBXFileReference; lastKnownFileType = sourcecode.swift; path = DragonBallHomeView.swift; sourceTree = "<group>"; };
		3AEA737E2A950B86005134C5 /* DragonBallHomeViewModel.swift */ = {isa = PBXFileReference; lastKnownFileType = sourcecode.swift; path = DragonBallHomeViewModel.swift; sourceTree = "<group>"; };
		3AEA73802A950E3B005134C5 /* DragonBallDetailsView.swift */ = {isa = PBXFileReference; lastKnownFileType = sourcecode.swift; path = DragonBallDetailsView.swift; sourceTree = "<group>"; };
/* End PBXFileReference section */

/* Begin PBXFrameworksBuildPhase section */
		3A09D23C2A5C6B740080A520 /* Frameworks */ = {
			isa = PBXFrameworksBuildPhase;
			buildActionMask = 2147483647;
			files = (
				3A09D2452A5C6B740080A520 /* RealityKitContent in Frameworks */,
			);
			runOnlyForDeploymentPostprocessing = 0;
		};
/* End PBXFrameworksBuildPhase section */

/* Begin PBXGroup section */
		3A00F2F32A6BF80F00B267CF /* Helpers */ = {
			isa = PBXGroup;
			children = (
				3A00F2F42A6BF80F00B267CF /* SerachBar.swift */,
				3A00F2F52A6BF80F00B267CF /* Networking.swift */,
				3A00F2F62A6BF80F00B267CF /* CustomColors.swift */,
				3A00F2F72A6BF80F00B267CF /* Extensions.swift */,
				3A00F2F82A6BF80F00B267CF /* ApiUrls.swift */,
				3A64A04C2AFA592C00847533 /* ColorHelper.swift */,
			);
			path = Helpers;
			sourceTree = "<group>";
		};
		3A00F2F92A6BF80F00B267CF /* ViewModel */ = {
			isa = PBXGroup;
			children = (
				3A00F2FA2A6BF80F00B267CF /* PokemonViewModel */,
			);
			path = ViewModel;
			sourceTree = "<group>";
		};
		3A00F2FA2A6BF80F00B267CF /* PokemonViewModel */ = {
			isa = PBXGroup;
			children = (
			);
			path = PokemonViewModel;
			sourceTree = "<group>";
		};
		3A00F2FD2A6BF80F00B267CF /* Model */ = {
			isa = PBXGroup;
			children = (
				3A00F2FE2A6BF80F00B267CF /* FranchiseResponse.swift */,
				3A00F2FF2A6BF80F00B267CF /* Franchise.swift */,
				3A00F3002A6BF80F00B267CF /* FranchisesListModel.swift */,
				3A00F3012A6BF80F00B267CF /* FranchiseToView.swift */,
			);
			path = Model;
			sourceTree = "<group>";
		};
		3A00F3022A6BF80F00B267CF /* View */ = {
			isa = PBXGroup;
			children = (
				3AEA737B2A950ADD005134C5 /* DragonBallViews */,
				3A00F3032A6BF80F00B267CF /* PokemonViews */,
			);
			path = View;
			sourceTree = "<group>";
		};
		3A00F3032A6BF80F00B267CF /* PokemonViews */ = {
			isa = PBXGroup;
			children = (
			);
			path = PokemonViews;
			sourceTree = "<group>";
		};
		3A09D2362A5C6B740080A520 = {
			isa = PBXGroup;
			children = (
				3A09D2412A5C6B740080A520 /* geekbrary */,
				3A09D2422A5C6B740080A520 /* Packages */,
				3A09D2402A5C6B740080A520 /* Products */,
			);
			sourceTree = "<group>";
		};
		3A09D2402A5C6B740080A520 /* Products */ = {
			isa = PBXGroup;
			children = (
				3A09D23F2A5C6B740080A520 /* Geekbrary.app */,
			);
			name = Products;
			sourceTree = "<group>";
		};
		3A09D2412A5C6B740080A520 /* geekbrary */ = {
			isa = PBXGroup;
			children = (
				3A674CA82A9A509800E4B556 /* Features */,
				3A09D2462A5C6B740080A520 /* geekbraryApp.swift */,
				3A09D2482A5C6B740080A520 /* ContentView.swift */,
				3A09D24A2A5C6B740080A520 /* ImmersiveView.swift */,
				3A00F2F32A6BF80F00B267CF /* Helpers */,
				3A674CA12A9A47F900E4B556 /* MainMenu */,
				3A00F2FD2A6BF80F00B267CF /* Model */,
				3A00F3022A6BF80F00B267CF /* View */,
				3A00F2F92A6BF80F00B267CF /* ViewModel */,
				3A09D24C2A5C6B740080A520 /* ImageBasedLight.exr */,
				3A09D24E2A5C6B750080A520 /* Assets.xcassets */,
				3A00F3152A6BF99400B267CF /* Persistence.swift */,
				3A09D2502A5C6B750080A520 /* Preview Content */,
				3A00F3172A6BF9E700B267CF /* geekbrary.xcdatamodeld */,
			);
			path = geekbrary;
			sourceTree = "<group>";
		};
		3A09D2422A5C6B740080A520 /* Packages */ = {
			isa = PBXGroup;
			children = (
				3A09D2432A5C6B740080A520 /* RealityKitContent */,
			);
			path = Packages;
			sourceTree = "<group>";
		};
		3A09D2502A5C6B750080A520 /* Preview Content */ = {
			isa = PBXGroup;
			children = (
				3A09D2512A5C6B750080A520 /* Preview Assets.xcassets */,
			);
			path = "Preview Content";
			sourceTree = "<group>";
		};
		3A674CA12A9A47F900E4B556 /* MainMenu */ = {
			isa = PBXGroup;
			children = (
				3A674CA32A9A481400E4B556 /* Model */,
				3A674CA42A9A481D00E4B556 /* ViewModel */,
				3A674CA22A9A480D00E4B556 /* View */,
			);
			path = MainMenu;
			sourceTree = "<group>";
		};
		3A674CA22A9A480D00E4B556 /* View */ = {
			isa = PBXGroup;
			children = (
				3A00F3062A6BF80F00B267CF /* FranshisesListView.swift */,
			);
			path = View;
			sourceTree = "<group>";
		};
		3A674CA32A9A481400E4B556 /* Model */ = {
			isa = PBXGroup;
			children = (
				3A674CA52A9A484F00E4B556 /* FranchiseModel.swift */,
			);
			path = Model;
			sourceTree = "<group>";
		};
		3A674CA42A9A481D00E4B556 /* ViewModel */ = {
			isa = PBXGroup;
			children = (
				3A00F2FC2A6BF80F00B267CF /* FranchiseListViewModel.swift */,
			);
			path = ViewModel;
			sourceTree = "<group>";
		};
		3A674CA72A9A508800E4B556 /* Pokemon */ = {
			isa = PBXGroup;
			children = (
				3A7676D42A9E6BF900177537 /* Networking */,
				3A674CA92A9A50AD00E4B556 /* Model */,
				3A674CAA2A9A50B200E4B556 /* ViewModel */,
				3A674CAB2A9A50C200E4B556 /* View */,
			);
			path = Pokemon;
			sourceTree = "<group>";
		};
		3A674CA82A9A509800E4B556 /* Features */ = {
			isa = PBXGroup;
			children = (
				3A674CB22A9A541400E4B556 /* DragonBall */,
				3A674CA72A9A508800E4B556 /* Pokemon */,
			);
			path = Features;
			sourceTree = "<group>";
		};
		3A674CA92A9A50AD00E4B556 /* Model */ = {
			isa = PBXGroup;
			children = (
				3A674CB02A9A51B200E4B556 /* PokemonDetailsModel.swift */,
				3A674CAE2A9A518100E4B556 /* PokemonListModel.swift */,
				3A674CAC2A9A511100E4B556 /* PokedexModel.swift */,
				3AE162172B0907B000A32EB9 /* PokemonMovesModel.swift */,
			);
			path = Model;
			sourceTree = "<group>";
		};
		3A674CAA2A9A50B200E4B556 /* ViewModel */ = {
			isa = PBXGroup;
			children = (
				3A00F2FB2A6BF80F00B267CF /* PokemonHomeViewModel.swift */,
				3A7676D22A9E6BB800177537 /* PokemonListViewModel.swift */,
				3AE162192B090CD200A32EB9 /* PokemonMovesViewModel.swift */,
				3A06F0B42B263A180091C890 /* PokemonAbilitiesViewModel.swift */,
			);
			path = ViewModel;
			sourceTree = "<group>";
		};
		3A674CAB2A9A50C200E4B556 /* View */ = {
			isa = PBXGroup;
			children = (
				3A00F3042A6BF80F00B267CF /* PokemonHomeView.swift */,
				3A00F3052A6BF80F00B267CF /* PokemonListView.swift */,
				3A72E16A2A87E25E008BEC87 /* PokedexView.swift */,
				3A72E16C2A87E404008BEC87 /* PokemonListCustomElementView.swift */,
				3A64A04A2AFA4DF600847533 /* PokemonDetailsView.swift */,
				3AE1620F2B09063700A32EB9 /* PokemonStatsView.swift */,
				3AE162112B09069700A32EB9 /* PokemonMovesView.swift */,
				3AE162132B09072400A32EB9 /* PokemonAbilitiesView.swift */,
				3AE162152B09073300A32EB9 /* PokemonTypesView.swift */,
			);
			path = View;
			sourceTree = "<group>";
		};
		3A674CB22A9A541400E4B556 /* DragonBall */ = {
			isa = PBXGroup;
			children = (
				3A674CB52A9A542800E4B556 /* Model */,
				3A674CB42A9A542200E4B556 /* ViewModel */,
				3A674CB32A9A541B00E4B556 /* View */,
			);
			path = DragonBall;
			sourceTree = "<group>";
		};
		3A674CB32A9A541B00E4B556 /* View */ = {
			isa = PBXGroup;
			children = (
				3AEA73802A950E3B005134C5 /* DragonBallDetailsView.swift */,
				3AEA737C2A950AFD005134C5 /* DragonBallHomeView.swift */,
			);
			path = View;
			sourceTree = "<group>";
		};
		3A674CB42A9A542200E4B556 /* ViewModel */ = {
			isa = PBXGroup;
			children = (
				3AEA737E2A950B86005134C5 /* DragonBallHomeViewModel.swift */,
			);
			path = ViewModel;
			sourceTree = "<group>";
		};
		3A674CB52A9A542800E4B556 /* Model */ = {
			isa = PBXGroup;
			children = (
			);
			path = Model;
			sourceTree = "<group>";
		};
		3A7676D42A9E6BF900177537 /* Networking */ = {
			isa = PBXGroup;
			children = (
				3A7676D52A9E6C1800177537 /* PokemonAPI.swift */,
				3AB3E5932AF94901004BB425 /* RemoteImageView.swift */,
			);
			path = Networking;
			sourceTree = "<group>";
		};
		3AEA737B2A950ADD005134C5 /* DragonBallViews */ = {
			isa = PBXGroup;
			children = (
			);
			path = DragonBallViews;
			sourceTree = "<group>";
		};
/* End PBXGroup section */

/* Begin PBXNativeTarget section */
		3A09D23E2A5C6B740080A520 /* Geekbrary */ = {
			isa = PBXNativeTarget;
			buildConfigurationList = 3A09D2552A5C6B750080A520 /* Build configuration list for PBXNativeTarget "Geekbrary" */;
			buildPhases = (
				3A09D23B2A5C6B740080A520 /* Sources */,
				3A09D23C2A5C6B740080A520 /* Frameworks */,
				3A09D23D2A5C6B740080A520 /* Resources */,
			);
			buildRules = (
			);
			dependencies = (
			);
			name = Geekbrary;
			packageProductDependencies = (
				3A09D2442A5C6B740080A520 /* RealityKitContent */,
			);
			productName = geekbrary;
			productReference = 3A09D23F2A5C6B740080A520 /* Geekbrary.app */;
			productType = "com.apple.product-type.application";
		};
/* End PBXNativeTarget section */

/* Begin PBXProject section */
		3A09D2372A5C6B740080A520 /* Project object */ = {
			isa = PBXProject;
			attributes = {
				BuildIndependentTargetsInParallel = 1;
				LastSwiftUpdateCheck = 1500;
				LastUpgradeCheck = 1500;
				TargetAttributes = {
					3A09D23E2A5C6B740080A520 = {
						CreatedOnToolsVersion = 15.0;
					};
				};
			};
			buildConfigurationList = 3A09D23A2A5C6B740080A520 /* Build configuration list for PBXProject "geekbrary" */;
			compatibilityVersion = "Xcode 14.0";
			developmentRegion = en;
			hasScannedForEncodings = 0;
			knownRegions = (
				en,
				Base,
			);
			mainGroup = 3A09D2362A5C6B740080A520;
			productRefGroup = 3A09D2402A5C6B740080A520 /* Products */;
			projectDirPath = "";
			projectRoot = "";
			targets = (
				3A09D23E2A5C6B740080A520 /* Geekbrary */,
			);
		};
/* End PBXProject section */

/* Begin PBXResourcesBuildPhase section */
		3A09D23D2A5C6B740080A520 /* Resources */ = {
			isa = PBXResourcesBuildPhase;
			buildActionMask = 2147483647;
			files = (
				3A09D24F2A5C6B750080A520 /* Assets.xcassets in Resources */,
				3A09D2522A5C6B750080A520 /* Preview Assets.xcassets in Resources */,
				3A09D24D2A5C6B740080A520 /* ImageBasedLight.exr in Resources */,
			);
			runOnlyForDeploymentPostprocessing = 0;
		};
/* End PBXResourcesBuildPhase section */

/* Begin PBXSourcesBuildPhase section */
		3A09D23B2A5C6B740080A520 /* Sources */ = {
			isa = PBXSourcesBuildPhase;
			buildActionMask = 2147483647;
			files = (
				3A72E16D2A87E404008BEC87 /* PokemonListCustomElementView.swift in Sources */,
				3A674CAD2A9A511100E4B556 /* PokedexModel.swift in Sources */,
				3AE162162B09073300A32EB9 /* PokemonTypesView.swift in Sources */,
				3AE162102B09063700A32EB9 /* PokemonStatsView.swift in Sources */,
				3A19D9752A76B90300184F66 /* geekbraryApp.swift in Sources */,
				3A00F30B2A6BF80F00B267CF /* ApiUrls.swift in Sources */,
				3A00F30F2A6BF80F00B267CF /* Franchise.swift in Sources */,
				3A4CC8C12A5DC19200972BFA /* ImmersiveView.swift in Sources */,
				3A00F30D2A6BF80F00B267CF /* FranchiseListViewModel.swift in Sources */,
				3A64A04D2AFA592C00847533 /* ColorHelper.swift in Sources */,
				3A674CAF2A9A518100E4B556 /* PokemonListModel.swift in Sources */,
				3A674CB12A9A51B200E4B556 /* PokemonDetailsModel.swift in Sources */,
				3A00F3082A6BF80F00B267CF /* Networking.swift in Sources */,
				3A00F3192A6BF9E700B267CF /* geekbrary.xcdatamodeld in Sources */,
				3A72E16B2A87E25E008BEC87 /* PokedexView.swift in Sources */,
				3AEA737D2A950AFD005134C5 /* DragonBallHomeView.swift in Sources */,
				3AE162142B09072400A32EB9 /* PokemonAbilitiesView.swift in Sources */,
				3A64A04B2AFA4DF600847533 /* PokemonDetailsView.swift in Sources */,
				3A00F30C2A6BF80F00B267CF /* PokemonHomeViewModel.swift in Sources */,
				3A00F3072A6BF80F00B267CF /* SerachBar.swift in Sources */,
				3A00F3102A6BF80F00B267CF /* FranchisesListModel.swift in Sources */,
				3AEA73812A950E3B005134C5 /* DragonBallDetailsView.swift in Sources */,
				3A09D2492A5C6B740080A520 /* ContentView.swift in Sources */,
				3A00F3162A6BF99400B267CF /* Persistence.swift in Sources */,
				3A00F3122A6BF80F00B267CF /* PokemonHomeView.swift in Sources */,
				3AE1621A2B090CD200A32EB9 /* PokemonMovesViewModel.swift in Sources */,
				3AEA737F2A950B86005134C5 /* DragonBallHomeViewModel.swift in Sources */,
				3A00F3142A6BF80F00B267CF /* FranshisesListView.swift in Sources */,
				3A00F3112A6BF80F00B267CF /* FranchiseToView.swift in Sources */,
				3A674CA62A9A484F00E4B556 /* FranchiseModel.swift in Sources */,
				3A7676D32A9E6BB800177537 /* PokemonListViewModel.swift in Sources */,
				3AE162122B09069700A32EB9 /* PokemonMovesView.swift in Sources */,
				3A00F3092A6BF80F00B267CF /* CustomColors.swift in Sources */,
				3A00F30E2A6BF80F00B267CF /* FranchiseResponse.swift in Sources */,
				3A00F3132A6BF80F00B267CF /* PokemonListView.swift in Sources */,
				3A7676D62A9E6C1800177537 /* PokemonAPI.swift in Sources */,
				3AB3E5942AF94901004BB425 /* RemoteImageView.swift in Sources */,
				3A06F0B52B263A180091C890 /* PokemonAbilitiesViewModel.swift in Sources */,
				3AE162182B0907B000A32EB9 /* PokemonMovesModel.swift in Sources */,
				3A00F30A2A6BF80F00B267CF /* Extensions.swift in Sources */,
			);
			runOnlyForDeploymentPostprocessing = 0;
		};
/* End PBXSourcesBuildPhase section */

/* Begin XCBuildConfiguration section */
		3A09D2532A5C6B750080A520 /* Debug */ = {
			isa = XCBuildConfiguration;
			buildSettings = {
				ALWAYS_SEARCH_USER_PATHS = NO;
				ASSETCATALOG_COMPILER_GENERATE_SWIFT_ASSET_SYMBOL_EXTENSIONS = YES;
				CLANG_ANALYZER_NONNULL = YES;
				CLANG_ANALYZER_NUMBER_OBJECT_CONVERSION = YES_AGGRESSIVE;
				CLANG_CXX_LANGUAGE_STANDARD = "gnu++20";
				CLANG_ENABLE_MODULES = YES;
				CLANG_ENABLE_OBJC_ARC = YES;
				CLANG_ENABLE_OBJC_WEAK = YES;
				CLANG_WARN_BLOCK_CAPTURE_AUTORELEASING = YES;
				CLANG_WARN_BOOL_CONVERSION = YES;
				CLANG_WARN_COMMA = YES;
				CLANG_WARN_CONSTANT_CONVERSION = YES;
				CLANG_WARN_DEPRECATED_OBJC_IMPLEMENTATIONS = YES;
				CLANG_WARN_DIRECT_OBJC_ISA_USAGE = YES_ERROR;
				CLANG_WARN_DOCUMENTATION_COMMENTS = YES;
				CLANG_WARN_EMPTY_BODY = YES;
				CLANG_WARN_ENUM_CONVERSION = YES;
				CLANG_WARN_INFINITE_RECURSION = YES;
				CLANG_WARN_INT_CONVERSION = YES;
				CLANG_WARN_NON_LITERAL_NULL_CONVERSION = YES;
				CLANG_WARN_OBJC_IMPLICIT_RETAIN_SELF = YES;
				CLANG_WARN_OBJC_LITERAL_CONVERSION = YES;
				CLANG_WARN_OBJC_ROOT_CLASS = YES_ERROR;
				CLANG_WARN_QUOTED_INCLUDE_IN_FRAMEWORK_HEADER = YES;
				CLANG_WARN_RANGE_LOOP_ANALYSIS = YES;
				CLANG_WARN_STRICT_PROTOTYPES = YES;
				CLANG_WARN_SUSPICIOUS_MOVE = YES;
				CLANG_WARN_UNGUARDED_AVAILABILITY = YES_AGGRESSIVE;
				CLANG_WARN_UNREACHABLE_CODE = YES;
				CLANG_WARN__DUPLICATE_METHOD_MATCH = YES;
				COPY_PHASE_STRIP = NO;
				DEBUG_INFORMATION_FORMAT = dwarf;
				ENABLE_STRICT_OBJC_MSGSEND = YES;
				ENABLE_TESTABILITY = YES;
				ENABLE_USER_SCRIPT_SANDBOXING = YES;
				GCC_C_LANGUAGE_STANDARD = gnu17;
				GCC_DYNAMIC_NO_PIC = NO;
				GCC_NO_COMMON_BLOCKS = YES;
				GCC_OPTIMIZATION_LEVEL = 0;
				GCC_PREPROCESSOR_DEFINITIONS = (
					"DEBUG=1",
					"$(inherited)",
				);
				GCC_WARN_64_TO_32_BIT_CONVERSION = YES;
				GCC_WARN_ABOUT_RETURN_TYPE = YES_ERROR;
				GCC_WARN_UNDECLARED_SELECTOR = YES;
				GCC_WARN_UNINITIALIZED_AUTOS = YES_AGGRESSIVE;
				GCC_WARN_UNUSED_FUNCTION = YES;
				GCC_WARN_UNUSED_VARIABLE = YES;
				LOCALIZATION_PREFERS_STRING_CATALOGS = YES;
				MTL_ENABLE_DEBUG_INFO = INCLUDE_SOURCE;
				MTL_FAST_MATH = YES;
				ONLY_ACTIVE_ARCH = YES;
				SDKROOT = xros;
				SWIFT_ACTIVE_COMPILATION_CONDITIONS = "DEBUG $(inherited)";
				SWIFT_OPTIMIZATION_LEVEL = "-Onone";
				XROS_DEPLOYMENT_TARGET = 1.0;
			};
			name = Debug;
		};
		3A09D2542A5C6B750080A520 /* Release */ = {
			isa = XCBuildConfiguration;
			buildSettings = {
				ALWAYS_SEARCH_USER_PATHS = NO;
				ASSETCATALOG_COMPILER_GENERATE_SWIFT_ASSET_SYMBOL_EXTENSIONS = YES;
				CLANG_ANALYZER_NONNULL = YES;
				CLANG_ANALYZER_NUMBER_OBJECT_CONVERSION = YES_AGGRESSIVE;
				CLANG_CXX_LANGUAGE_STANDARD = "gnu++20";
				CLANG_ENABLE_MODULES = YES;
				CLANG_ENABLE_OBJC_ARC = YES;
				CLANG_ENABLE_OBJC_WEAK = YES;
				CLANG_WARN_BLOCK_CAPTURE_AUTORELEASING = YES;
				CLANG_WARN_BOOL_CONVERSION = YES;
				CLANG_WARN_COMMA = YES;
				CLANG_WARN_CONSTANT_CONVERSION = YES;
				CLANG_WARN_DEPRECATED_OBJC_IMPLEMENTATIONS = YES;
				CLANG_WARN_DIRECT_OBJC_ISA_USAGE = YES_ERROR;
				CLANG_WARN_DOCUMENTATION_COMMENTS = YES;
				CLANG_WARN_EMPTY_BODY = YES;
				CLANG_WARN_ENUM_CONVERSION = YES;
				CLANG_WARN_INFINITE_RECURSION = YES;
				CLANG_WARN_INT_CONVERSION = YES;
				CLANG_WARN_NON_LITERAL_NULL_CONVERSION = YES;
				CLANG_WARN_OBJC_IMPLICIT_RETAIN_SELF = YES;
				CLANG_WARN_OBJC_LITERAL_CONVERSION = YES;
				CLANG_WARN_OBJC_ROOT_CLASS = YES_ERROR;
				CLANG_WARN_QUOTED_INCLUDE_IN_FRAMEWORK_HEADER = YES;
				CLANG_WARN_RANGE_LOOP_ANALYSIS = YES;
				CLANG_WARN_STRICT_PROTOTYPES = YES;
				CLANG_WARN_SUSPICIOUS_MOVE = YES;
				CLANG_WARN_UNGUARDED_AVAILABILITY = YES_AGGRESSIVE;
				CLANG_WARN_UNREACHABLE_CODE = YES;
				CLANG_WARN__DUPLICATE_METHOD_MATCH = YES;
				COPY_PHASE_STRIP = NO;
				DEBUG_INFORMATION_FORMAT = "dwarf-with-dsym";
				ENABLE_NS_ASSERTIONS = NO;
				ENABLE_STRICT_OBJC_MSGSEND = YES;
				ENABLE_USER_SCRIPT_SANDBOXING = YES;
				GCC_C_LANGUAGE_STANDARD = gnu17;
				GCC_NO_COMMON_BLOCKS = YES;
				GCC_WARN_64_TO_32_BIT_CONVERSION = YES;
				GCC_WARN_ABOUT_RETURN_TYPE = YES_ERROR;
				GCC_WARN_UNDECLARED_SELECTOR = YES;
				GCC_WARN_UNINITIALIZED_AUTOS = YES_AGGRESSIVE;
				GCC_WARN_UNUSED_FUNCTION = YES;
				GCC_WARN_UNUSED_VARIABLE = YES;
				LOCALIZATION_PREFERS_STRING_CATALOGS = YES;
				MTL_ENABLE_DEBUG_INFO = NO;
				MTL_FAST_MATH = YES;
				SDKROOT = xros;
				SWIFT_COMPILATION_MODE = wholemodule;
				VALIDATE_PRODUCT = YES;
				XROS_DEPLOYMENT_TARGET = 1.0;
			};
			name = Release;
		};
		3A09D2562A5C6B750080A520 /* Debug */ = {
			isa = XCBuildConfiguration;
			buildSettings = {
				ASSETCATALOG_COMPILER_APPICON_NAME = AppIcon;
				ASSETCATALOG_COMPILER_GLOBAL_ACCENT_COLOR_NAME = AccentColor;
				CODE_SIGN_STYLE = Automatic;
				CURRENT_PROJECT_VERSION = 1;
				DEVELOPMENT_ASSET_PATHS = "\"geekbrary/Preview Content\"";
				DEVELOPMENT_TEAM = QC2B93AG7F;
				ENABLE_PREVIEWS = YES;
				GENERATE_INFOPLIST_FILE = YES;
				INFOPLIST_KEY_UIApplicationSceneManifest_Generation = YES;
				LD_RUNPATH_SEARCH_PATHS = (
					"$(inherited)",
					"@executable_path/Frameworks",
				);
				MARKETING_VERSION = 1.0;
				PRODUCT_BUNDLE_IDENTIFIER = com.switchcase.geekbrary;
				PRODUCT_NAME = "$(TARGET_NAME)";
				SUPPORTED_PLATFORMS = "xros xrsimulator";
				SWIFT_EMIT_LOC_STRINGS = YES;
				SWIFT_VERSION = 5.0;
				TARGETED_DEVICE_FAMILY = "1,2,7";
			};
			name = Debug;
		};
		3A09D2572A5C6B750080A520 /* Release */ = {
			isa = XCBuildConfiguration;
			buildSettings = {
				ASSETCATALOG_COMPILER_APPICON_NAME = AppIcon;
				ASSETCATALOG_COMPILER_GLOBAL_ACCENT_COLOR_NAME = AccentColor;
				CODE_SIGN_STYLE = Automatic;
				CURRENT_PROJECT_VERSION = 1;
				DEVELOPMENT_ASSET_PATHS = "\"geekbrary/Preview Content\"";
				DEVELOPMENT_TEAM = QC2B93AG7F;
				ENABLE_PREVIEWS = YES;
				GENERATE_INFOPLIST_FILE = YES;
				INFOPLIST_KEY_UIApplicationSceneManifest_Generation = YES;
				LD_RUNPATH_SEARCH_PATHS = (
					"$(inherited)",
					"@executable_path/Frameworks",
				);
				MARKETING_VERSION = 1.0;
				PRODUCT_BUNDLE_IDENTIFIER = com.switchcase.geekbrary;
				PRODUCT_NAME = "$(TARGET_NAME)";
				SUPPORTED_PLATFORMS = "xros xrsimulator";
				SWIFT_EMIT_LOC_STRINGS = YES;
				SWIFT_VERSION = 5.0;
				TARGETED_DEVICE_FAMILY = "1,2,7";
			};
			name = Release;
		};
/* End XCBuildConfiguration section */

/* Begin XCConfigurationList section */
		3A09D23A2A5C6B740080A520 /* Build configuration list for PBXProject "geekbrary" */ = {
			isa = XCConfigurationList;
			buildConfigurations = (
				3A09D2532A5C6B750080A520 /* Debug */,
				3A09D2542A5C6B750080A520 /* Release */,
			);
			defaultConfigurationIsVisible = 0;
			defaultConfigurationName = Release;
		};
		3A09D2552A5C6B750080A520 /* Build configuration list for PBXNativeTarget "Geekbrary" */ = {
			isa = XCConfigurationList;
			buildConfigurations = (
				3A09D2562A5C6B750080A520 /* Debug */,
				3A09D2572A5C6B750080A520 /* Release */,
			);
			defaultConfigurationIsVisible = 0;
			defaultConfigurationName = Release;
		};
/* End XCConfigurationList section */

/* Begin XCSwiftPackageProductDependency section */
		3A09D2442A5C6B740080A520 /* RealityKitContent */ = {
			isa = XCSwiftPackageProductDependency;
			productName = RealityKitContent;
		};
/* End XCSwiftPackageProductDependency section */

/* Begin XCVersionGroup section */
		3A00F3172A6BF9E700B267CF /* geekbrary.xcdatamodeld */ = {
			isa = XCVersionGroup;
			children = (
				3A00F3182A6BF9E700B267CF /* Item.xcdatamodel */,
			);
			currentVersion = 3A00F3182A6BF9E700B267CF /* Item.xcdatamodel */;
			path = geekbrary.xcdatamodeld;
			sourceTree = "<group>";
			versionGroupType = wrapper.xcdatamodel;
		};
/* End XCVersionGroup section */
	};
	rootObject = 3A09D2372A5C6B740080A520 /* Project object */;
}
